
Microsoft Visual Studio Solution File, Format Version 12.00
# Visual Studio Version 17
VisualStudioVersion = 17.14.37111.16
MinimumVisualStudioVersion = 10.0.40219.1
Project("{FAE04EC0-301F-11D3-BF4B-00C04F79EFBC}") = "Windowsproject", "Windowsproject\Windowsproject.csproj", "{420DC5A8-1C1A-4C61-AAEB-12EA40F26E1A}"
EndProject
Global
	GlobalSection(SolutionConfigurationPlatforms) = preSolution
		Debug|Any CPU = Debug|Any CPU
		Release|Any CPU = Release|Any CPU
	EndGlobalSection
	GlobalSection(ProjectConfigurationPlatforms) = postSolution
		{420DC5A8-1C1A-4C61-AAEB-12EA40F26E1A}.Debug|Any CPU.ActiveCfg = Debug|Any CPU
		{420DC5A8-1C1A-4C61-AAEB-12EA40F26E1A}.Debug|Any CPU.Build.0 = Debug|Any CPU
		{420DC5A8-1C1A-4C61-AAEB-12EA40F26E1A}.Release|Any CPU.ActiveCfg = Release|Any CPU
		{420DC5A8-1C1A-4C61-AAEB-12EA40F26E1A}.Release|Any CPU.Build.0 = Release|Any CPU
	EndGlobalSection
	GlobalSection(SolutionProperties) = preSolution
		HideSolutionNode = FALSE
	EndGlobalSection
	GlobalSection(ExtensibilityGlobals) = postSolution
		SolutionGuid = {1FF3D53D-C431-4035-B824-2D5EFC1537E0}
	EndGlobalSection
EndGlobal
